Microsoft Visual Studio Solution File, Format Version 12.00
# Visual Studio Version 17
VisualStudioVersion = 17.5.2.0
MinimumVisualStudioVersion = 10.0.40219.1
Project("{FAE04EC0-301F-11D3-BF4B-00C04F79EFBC}") = "QuestADBTool", "QuestADBTool.csproj", "{64137559-1C2D-8F65-147D-7D9D1E182F3F}"
EndProject
Global
	GlobalSection(SolutionConfigurationPlatforms) = preSolution
		Debug|Any CPU = Debug|Any CPU
		Release|Any CPU = Release|Any CPU
	EndGlobalSection
	GlobalSection(ProjectConfigurationPlatforms) = postSolution
		{64137559-1C2D-8F65-147D-7D9D1E182F3F}.Debug|Any CPU.ActiveCfg = Debug|Any CPU
		{64137559-1C2D-8F65-147D-7D9D1E182F3F}.Debug|Any CPU.Build.0 = Debug|Any CPU
		{64137559-1C2D-8F65-147D-7D9D1E182F3F}.Release|Any CPU.ActiveCfg = Release|Any CPU
		{64137559-1C2D-8F65-147D-7D9D1E182F3F}.Release|Any CPU.Build.0 = Release|Any CPU
	EndGlobalSection
	GlobalSection(SolutionProperties) = preSolution
		HideSolutionNode = FALSE
	EndGlobalSection
	GlobalSection(ExtensibilityGlobals) = postSolution
		SolutionGuid = {9C08B989-2F35-4077-97E6-30FC2FCD6192}
	EndGlobalSection
EndGlobal
